// !$*UTF8*$!
{
	archiveVersion = 1;
	classes = {
	};
	objectVersion = 50;
	objects = {

/* Begin PBXBuildFile section */
		8D7D522620ACC5490032789E /* AppDelegate.swift in Sources */ = {isa = PBXBuildFile; fileRef = 8D7D522520ACC5490032789E /* AppDelegate.swift */; };
		8D7D522820ACC5490032789E /* ViewController.swift in Sources */ = {isa = PBXBuildFile; fileRef = 8D7D522720ACC5490032789E /* ViewController.swift */; };
		8D7D522A20ACC5490032789E /* Document.swift in Sources */ = {isa = PBXBuildFile; fileRef = 8D7D522920ACC5490032789E /* Document.swift */; };
		8D7D522C20ACC54A0032789E /* Assets.xcassets in Resources */ = {isa = PBXBuildFile; fileRef = 8D7D522B20ACC54A0032789E /* Assets.xcassets */; };
		8D7D522F20ACC54A0032789E /* Main.storyboard in Resources */ = {isa = PBXBuildFile; fileRef = 8D7D522D20ACC54A0032789E /* Main.storyboard */; };
		8D7D523B20ACC54A0032789E /* RedPandaTests.swift in Sources */ = {isa = PBXBuildFile; fileRef = 8D7D523A20ACC54A0032789E /* RedPandaTests.swift */; };
		8D7D524620ACC54A0032789E /* RedPandaUITests.swift in Sources */ = {isa = PBXBuildFile; fileRef = 8D7D524520ACC54A0032789E /* RedPandaUITests.swift */; };
/* End PBXBuildFile section */

/* Begin PBXContainerItemProxy section */
		8D7D523720ACC54A0032789E /* PBXContainerItemProxy */ = {
			isa = PBXContainerItemProxy;
			containerPortal = 8D7D521A20ACC5490032789E /* Project object */;
			proxyType = 1;
			remoteGlobalIDString = 8D7D522120ACC5490032789E;
			remoteInfo = RedPanda;
		};
		8D7D524220ACC54A0032789E /* PBXContainerItemProxy */ = {
			isa = PBXContainerItemProxy;
			containerPortal = 8D7D521A20ACC5490032789E /* Project object */;
			proxyType = 1;
			remoteGlobalIDString = 8D7D522120ACC5490032789E;
			remoteInfo = RedPanda;
		};
/* End PBXContainerItemProxy section */

/* Begin PBXFileReference section */
		8D7D522220ACC5490032789E /* RedPanda.app */ = {isa = PBXFileReference; explicitFileType = wrapper.application; includeInIndex = 0; path = RedPanda.app; sourceTree = BUILT_PRODUCTS_DIR; };
		8D7D522520ACC5490032789E /* AppDelegate.swift */ = {isa = PBXFileReference; lastKnownFileType = sourcecode.swift; path = AppDelegate.swift; sourceTree = "<group>"; };
		8D7D522720ACC5490032789E /* ViewController.swift */ = {isa = PBXFileReference; lastKnownFileType = sourcecode.swift; path = ViewController.swift; sourceTree = "<group>"; };
		8D7D522920ACC5490032789E /* Document.swift */ = {isa = PBXFileReference; lastKnownFileType = sourcecode.swift; path = Document.swift; sourceTree = "<group>"; };
		8D7D522B20ACC54A0032789E /* Assets.xcassets */ = {isa = PBXFileReference; lastKnownFileType = folder.assetcatalog; path = Assets.xcassets; sourceTree = "<group>"; };
		8D7D522E20ACC54A0032789E /* Base */ = {isa = PBXFileReference; lastKnownFileType = file.storyboard; name = Base; path = Base.lproj/Main.storyboard; sourceTree = "<group>"; };
		8D7D523020ACC54A0032789E /* Info.plist */ = {isa = PBXFileReference; lastKnownFileType = text.plist.xml; path = Info.plist; sourceTree = "<group>"; };
		8D7D523120ACC54A0032789E /* RedPanda.entitlements */ = {isa = PBXFileReference; lastKnownFileType = text.plist.entitlements; path = RedPanda.entitlements; sourceTree = "<group>"; };
		8D7D523620ACC54A0032789E /* RedPandaTests.xctest */ = {isa = PBXFileReference; explicitFileType = wrapper.cfbundle; includeInIndex = 0; path = RedPandaTests.xctest; sourceTree = BUILT_PRODUCTS_DIR; };
		8D7D523A20ACC54A0032789E /* RedPandaTests.swift */ = {isa = PBXFileReference; lastKnownFileType = sourcecode.swift; path = RedPandaTests.swift; sourceTree = "<group>"; };
		8D7D523C20ACC54A0032789E /* Info.plist */ = {isa = PBXFileReference; lastKnownFileType = text.plist.xml; path = Info.plist; sourceTree = "<group>"; };
		8D7D524120ACC54A0032789E /* RedPandaUITests.xctest */ = {isa = PBXFileReference; explicitFileType = wrapper.cfbundle; includeInIndex = 0; path = RedPandaUITests.xctest; sourceTree = BUILT_PRODUCTS_DIR; };
		8D7D524520ACC54A0032789E /* RedPandaUITests.swift */ = {isa = PBXFileReference; lastKnownFileType = sourcecode.swift; path = RedPandaUITests.swift; sourceTree = "<group>"; };
		8D7D524720ACC54A0032789E /* Info.plist */ = {isa = PBXFileReference; lastKnownFileType = text.plist.xml; path = Info.plist; sourceTree = "<group>"; };
/* End PBXFileReference section */

/* Begin PBXFrameworksBuildPhase section */
		8D7D521F20ACC5490032789E /* Frameworks */ = {
			isa = PBXFrameworksBuildPhase;
			buildActionMask = 2147483647;
			files = (
			);
			runOnlyForDeploymentPostprocessing = 0;
		};
		8D7D523320ACC54A0032789E /* Frameworks */ = {
			isa = PBXFrameworksBuildPhase;
			buildActionMask = 2147483647;
			files = (
			);
			runOnlyForDeploymentPostprocessing = 0;
		};
		8D7D523E20ACC54A0032789E /* Frameworks */ = {
			isa = PBXFrameworksBuildPhase;
			buildActionMask = 2147483647;
			files = (
			);
			runOnlyForDeploymentPostprocessing = 0;
		};
/* End PBXFrameworksBuildPhase section */

/* Begin PBXGroup section */
		8D7D521920ACC5490032789E = {
			isa = PBXGroup;
			children = (
				8D7D522420ACC5490032789E /* RedPanda */,
				8D7D523920ACC54A0032789E /* RedPandaTests */,
				8D7D524420ACC54A0032789E /* RedPandaUITests */,
				8D7D522320ACC5490032789E /* Products */,
			);
			sourceTree = "<group>";
		};
		8D7D522320ACC5490032789E /* Products */ = {
			isa = PBXGroup;
			children = (
				8D7D522220ACC5490032789E /* RedPanda.app */,
				8D7D523620ACC54A0032789E /* RedPandaTests.xctest */,
				8D7D524120ACC54A0032789E /* RedPandaUITests.xctest */,
			);
			name = Products;
			sourceTree = "<group>";
		};
		8D7D522420ACC5490032789E /* RedPanda */ = {
			isa = PBXGroup;
			children = (
				8D7D522520ACC5490032789E /* AppDelegate.swift */,
				8D7D522720ACC5490032789E /* ViewController.swift */,
				8D7D522920ACC5490032789E /* Document.swift */,
				8D7D522B20ACC54A0032789E /* Assets.xcassets */,
				8D7D522D20ACC54A0032789E /* Main.storyboard */,
				8D7D523020ACC54A0032789E /* Info.plist */,
				8D7D523120ACC54A0032789E /* RedPanda.entitlements */,
			);
			path = RedPanda;
			sourceTree = "<group>";
		};
		8D7D523920ACC54A0032789E /* RedPandaTests */ = {
			isa = PBXGroup;
			children = (
				8D7D523A20ACC54A0032789E /* RedPandaTests.swift */,
				8D7D523C20ACC54A0032789E /* Info.plist */,
			);
			path = RedPandaTests;
			sourceTree = "<group>";
		};
		8D7D524420ACC54A0032789E /* RedPandaUITests */ = {
			isa = PBXGroup;
			children = (
				8D7D524520ACC54A0032789E /* RedPandaUITests.swift */,
				8D7D524720ACC54A0032789E /* Info.plist */,
			);
			path = RedPandaUITests;
			sourceTree = "<group>";
		};
/* End PBXGroup section */

/* Begin PBXNativeTarget section */
		8D7D522120ACC5490032789E /* RedPanda */ = {
			isa = PBXNativeTarget;
			buildConfigurationList = 8D7D524A20ACC54A0032789E /* Build configuration list for PBXNativeTarget "RedPanda" */;
			buildPhases = (
				8D7D521E20ACC5490032789E /* Sources */,
				8D7D521F20ACC5490032789E /* Frameworks */,
				8D7D522020ACC5490032789E /* Resources */,
			);
			buildRules = (
			);
			dependencies = (
			);
			name = RedPanda;
			productName = RedPanda;
			productReference = 8D7D522220ACC5490032789E /* RedPanda.app */;
			productType = "com.apple.product-type.application";
		};
		8D7D523520ACC54A0032789E /* RedPandaTests */ = {
			isa = PBXNativeTarget;
			buildConfigurationList = 8D7D524D20ACC54A0032789E /* Build configuration list for PBXNativeTarget "RedPandaTests" */;
			buildPhases = (
				8D7D523220ACC54A0032789E /* Sources */,
				8D7D523320ACC54A0032789E /* Frameworks */,
				8D7D523420ACC54A0032789E /* Resources */,
			);
			buildRules = (
			);
			dependencies = (
				8D7D523820ACC54A0032789E /* PBXTargetDependency */,
			);
			name = RedPandaTests;
			productName = RedPandaTests;
			productReference = 8D7D523620ACC54A0032789E /* RedPandaTests.xctest */;
			productType = "com.apple.product-type.bundle.unit-test";
		};
		8D7D524020ACC54A0032789E /* RedPandaUITests */ = {
			isa = PBXNativeTarget;
			buildConfigurationList = 8D7D525020ACC54A0032789E /* Build configuration list for PBXNativeTarget "RedPandaUITests" */;
			buildPhases = (
				8D7D523D20ACC54A0032789E /* Sources */,
				8D7D523E20ACC54A0032789E /* Frameworks */,
				8D7D523F20ACC54A0032789E /* Resources */,
			);
			buildRules = (
			);
			dependencies = (
				8D7D524320ACC54A0032789E /* PBXTargetDependency */,
			);
			name = RedPandaUITests;
			productName = RedPandaUITests;
			productReference = 8D7D524120ACC54A0032789E /* RedPandaUITests.xctest */;
			productType = "com.apple.product-type.bundle.ui-testing";
		};
/* End PBXNativeTarget section */

/* Begin PBXProject section */
		8D7D521A20ACC5490032789E /* Project object */ = {
			isa = PBXProject;
			attributes = {
				LastSwiftUpdateCheck = 0930;
				LastUpgradeCheck = 0930;
				ORGANIZATIONNAME = "Jerome Frery";
				TargetAttributes = {
					8D7D522120ACC5490032789E = {
						CreatedOnToolsVersion = 9.3.1;
					};
					8D7D523520ACC54A0032789E = {
						CreatedOnToolsVersion = 9.3.1;
						TestTargetID = 8D7D522120ACC5490032789E;
					};
					8D7D524020ACC54A0032789E = {
						CreatedOnToolsVersion = 9.3.1;
						TestTargetID = 8D7D522120ACC5490032789E;
					};
				};
			};
			buildConfigurationList = 8D7D521D20ACC5490032789E /* Build configuration list for PBXProject "RedPanda" */;
			compatibilityVersion = "Xcode 9.3";
			developmentRegion = en;
			hasScannedForEncodings = 0;
			knownRegions = (
				en,
				Base,
			);
			mainGroup = 8D7D521920ACC5490032789E;
			productRefGroup = 8D7D522320ACC5490032789E /* Products */;
			projectDirPath = "";
			projectRoot = "";
			targets = (
				8D7D522120ACC5490032789E /* RedPanda */,
				8D7D523520ACC54A0032789E /* RedPandaTests */,
				8D7D524020ACC54A0032789E /* RedPandaUITests */,
			);
		};
/* End PBXProject section */

/* Begin PBXResourcesBuildPhase section */
		8D7D522020ACC5490032789E /* Resources */ = {
			isa = PBXResourcesBuildPhase;
			buildActionMask = 2147483647;
			files = (
				8D7D522C20ACC54A0032789E /* Assets.xcassets in Resources */,
				8D7D522F20ACC54A0032789E /* Main.storyboard in Resources */,
			);
			runOnlyForDeploymentPostprocessing = 0;
		};
		8D7D523420ACC54A0032789E /* Resources */ = {
			isa = PBXResourcesBuildPhase;
			buildActionMask = 2147483647;
			files = (
			);
			runOnlyForDeploymentPostprocessing = 0;
		};
		8D7D523F20ACC54A0032789E /* Resources */ = {
			isa = PBXResourcesBuildPhase;
			buildActionMask = 2147483647;
			files = (
			);
			runOnlyForDeploymentPostprocessing = 0;
		};
/* End PBXResourcesBuildPhase section */

/* Begin PBXSourcesBuildPhase section */
		8D7D521E20ACC5490032789E /* Sources */ = {
			isa = PBXSourcesBuildPhase;
			buildActionMask = 2147483647;
			files = (
				8D7D522820ACC5490032789E /* ViewController.swift in Sources */,
				8D7D522620ACC5490032789E /* AppDelegate.swift in Sources */,
				8D7D522A20ACC5490032789E /* Document.swift in Sources */,
			);
			runOnlyForDeploymentPostprocessing = 0;
		};
		8D7D523220ACC54A0032789E /* Sources */ = {
			isa = PBXSourcesBuildPhase;
			buildActionMask = 2147483647;
			files = (
				8D7D523B20ACC54A0032789E /* RedPandaTests.swift in Sources */,
			);
			runOnlyForDeploymentPostprocessing = 0;
		};
		8D7D523D20ACC54A0032789E /* Sources */ = {
			isa = PBXSourcesBuildPhase;
			buildActionMask = 2147483647;
			files = (
				8D7D524620ACC54A0032789E /* RedPandaUITests.swift in Sources */,
			);
			runOnlyForDeploymentPostprocessing = 0;
		};
/* End PBXSourcesBuildPhase section */

/* Begin PBXTargetDependency section */
		8D7D523820ACC54A0032789E /* PBXTargetDependency */ = {
			isa = PBXTargetDependency;
			target = 8D7D522120ACC5490032789E /* RedPanda */;
			targetProxy = 8D7D523720ACC54A0032789E /* PBXContainerItemProxy */;
		};
		8D7D524320ACC54A0032789E /* PBXTargetDependency */ = {
			isa = PBXTargetDependency;
			target = 8D7D522120ACC5490032789E /* RedPanda */;
			targetProxy = 8D7D524220ACC54A0032789E /* PBXContainerItemProxy */;
		};
/* End PBXTargetDependency section */

/* Begin PBXVariantGroup section */
		8D7D522D20ACC54A0032789E /* Main.storyboard */ = {
			isa = PBXVariantGroup;
			children = (
				8D7D522E20ACC54A0032789E /* Base */,
			);
			name = Main.storyboard;
			sourceTree = "<group>";
		};
/* End PBXVariantGroup section */

/* Begin XCBuildConfiguration section */
		8D7D524820ACC54A0032789E /* Debug */ = {
			isa = XCBuildConfiguration;
			buildSettings = {
				ALWAYS_SEARCH_USER_PATHS = NO;
				CLANG_ANALYZER_NONNULL = YES;
				CLANG_ANALYZER_NUMBER_OBJECT_CONVERSION = YES_AGGRESSIVE;
				CLANG_CXX_LANGUAGE_STANDARD = "gnu++14";
				CLANG_CXX_LIBRARY = "libc++";
				CLANG_ENABLE_MODULES = YES;
				CLANG_ENABLE_OBJC_ARC = YES;
				CLANG_ENABLE_OBJC_WEAK = YES;
				CLANG_WARN_BLOCK_CAPTURE_AUTORELEASING = YES;
				CLANG_WARN_BOOL_CONVERSION = YES;
				CLANG_WARN_COMMA = YES;
				CLANG_WARN_CONSTANT_CONVERSION = YES;
				CLANG_WARN_DEPRECATED_OBJC_IMPLEMENTATIONS = YES;
				CLANG_WARN_DIRECT_OBJC_ISA_USAGE = YES_ERROR;
				CLANG_WARN_DOCUMENTATION_COMMENTS = YES;
				CLANG_WARN_EMPTY_BODY = YES;
				CLANG_WARN_ENUM_CONVERSION = YES;
				CLANG_WARN_INFINITE_RECURSION = YES;
				CLANG_WARN_INT_CONVERSION = YES;
				CLANG_WARN_NON_LITERAL_NULL_CONVERSION = YES;
				CLANG_WARN_OBJC_IMPLICIT_RETAIN_SELF = YES;
				CLANG_WARN_OBJC_LITERAL_CONVERSION = YES;
				CLANG_WARN_OBJC_ROOT_CLASS = YES_ERROR;
				CLANG_WARN_RANGE_LOOP_ANALYSIS = YES;
				CLANG_WARN_STRICT_PROTOTYPES = YES;
				CLANG_WARN_SUSPICIOUS_MOVE = YES;
				CLANG_WARN_UNGUARDED_AVAILABILITY = YES_AGGRESSIVE;
				CLANG_WARN_UNREACHABLE_CODE = YES;
				CLANG_WARN__DUPLICATE_METHOD_MATCH = YES;
				CODE_SIGN_IDENTITY = "-";
				COPY_PHASE_STRIP = NO;
				DEBUG_INFORMATION_FORMAT = dwarf;
				ENABLE_STRICT_OBJC_MSGSEND = YES;
				ENABLE_TESTABILITY = YES;
				GCC_C_LANGUAGE_STANDARD = gnu11;
				GCC_DYNAMIC_NO_PIC = NO;
				GCC_NO_COMMON_BLOCKS = YES;
				GCC_OPTIMIZATION_LEVEL = 0;
				GCC_PREPROCESSOR_DEFINITIONS = (
					"DEBUG=1",
					"$(inherited)",
				);
				GCC_WARN_64_TO_32_BIT_CONVERSION = YES;
				GCC_WARN_ABOUT_RETURN_TYPE = YES_ERROR;
				GCC_WARN_UNDECLARED_SELECTOR = YES;
				GCC_WARN_UNINITIALIZED_AUTOS = YES_AGGRESSIVE;
				GCC_WARN_UNUSED_FUNCTION = YES;
				GCC_WARN_UNUSED_VARIABLE = YES;
				MACOSX_DEPLOYMENT_TARGET = 10.13;
				MTL_ENABLE_DEBUG_INFO = YES;
				ONLY_ACTIVE_ARCH = YES;
				SDKROOT = macosx;
				SWIFT_ACTIVE_COMPILATION_CONDITIONS = DEBUG;
				SWIFT_OPTIMIZATION_LEVEL = "-Onone";
			};
			name = Debug;
		};
		8D7D524920ACC54A0032789E /* Release */ = {
			isa = XCBuildConfiguration;
			buildSettings = {
				ALWAYS_SEARCH_USER_PATHS = NO;
				CLANG_ANALYZER_NONNULL = YES;
				CLANG_ANALYZER_NUMBER_OBJECT_CONVERSION = YES_AGGRESSIVE;
				CLANG_CXX_LANGUAGE_STANDARD = "gnu++14";
				CLANG_CXX_LIBRARY = "libc++";
				CLANG_ENABLE_MODULES = YES;
				CLANG_ENABLE_OBJC_ARC = YES;
				CLANG_ENABLE_OBJC_WEAK = YES;
				CLANG_WARN_BLOCK_CAPTURE_AUTORELEASING = YES;
				CLANG_WARN_BOOL_CONVERSION = YES;
				CLANG_WARN_COMMA = YES;
				CLANG_WARN_CONSTANT_CONVERSION = YES;
				CLANG_WARN_DEPRECATED_OBJC_IMPLEMENTATIONS = YES;
				CLANG_WARN_DIRECT_OBJC_ISA_USAGE = YES_ERROR;
				CLANG_WARN_DOCUMENTATION_COMMENTS = YES;
				CLANG_WARN_EMPTY_BODY = YES;
				CLANG_WARN_ENUM_CONVERSION = YES;
				CLANG_WARN_INFINITE_RECURSION = YES;
				CLANG_WARN_INT_CONVERSION = YES;
				CLANG_WARN_NON_LITERAL_NULL_CONVERSION = YES;
				CLANG_WARN_OBJC_IMPLICIT_RETAIN_SELF = YES;
				CLANG_WARN_OBJC_LITERAL_CONVERSION = YES;
				CLANG_WARN_OBJC_ROOT_CLASS = YES_ERROR;
				CLANG_WARN_RANGE_LOOP_ANALYSIS = YES;
				CLANG_WARN_STRICT_PROTOTYPES = YES;
				CLANG_WARN_SUSPICIOUS_MOVE = YES;
				CLANG_WARN_UNGUARDED_AVAILABILITY = YES_AGGRESSIVE;
				CLANG_WARN_UNREACHABLE_CODE = YES;
				CLANG_WARN__DUPLICATE_METHOD_MATCH = YES;
				CODE_SIGN_IDENTITY = "-";
				COPY_PHASE_STRIP = NO;
				DEBUG_INFORMATION_FORMAT = "dwarf-with-dsym";
				ENABLE_NS_ASSERTIONS = NO;
				ENABLE_STRICT_OBJC_MSGSEND = YES;
				GCC_C_LANGUAGE_STANDARD = gnu11;
				GCC_NO_COMMON_BLOCKS = YES;
				GCC_WARN_64_TO_32_BIT_CONVERSION = YES;
				GCC_WARN_ABOUT_RETURN_TYPE = YES_ERROR;
				GCC_WARN_UNDECLARED_SELECTOR = YES;
				GCC_WARN_UNINITIALIZED_AUTOS = YES_AGGRESSIVE;
				GCC_WARN_UNUSED_FUNCTION = YES;
				GCC_WARN_UNUSED_VARIABLE = YES;
				MACOSX_DEPLOYMENT_TARGET = 10.13;
				MTL_ENABLE_DEBUG_INFO = NO;
				SDKROOT = macosx;
				SWIFT_COMPILATION_MODE = wholemodule;
				SWIFT_OPTIMIZATION_LEVEL = "-O";
			};
			name = Release;
		};
		8D7D524B20ACC54A0032789E /* Debug */ = {
			isa = XCBuildConfiguration;
			buildSettings = {
				ASSETCATALOG_COMPILER_APPICON_NAME = AppIcon;
				CODE_SIGN_ENTITLEMENTS = RedPanda/RedPanda.entitlements;
				CODE_SIGN_STYLE = Automatic;
				COMBINE_HIDPI_IMAGES = YES;
				INFOPLIST_FILE = RedPanda/Info.plist;
				LD_RUNPATH_SEARCH_PATHS = (
					"$(inherited)",
					"@executable_path/../Frameworks",
				);
				PRODUCT_BUNDLE_IDENTIFIER = JeFr.RedPanda;
				PRODUCT_NAME = "$(TARGET_NAME)";
				SWIFT_VERSION = 4.0;
			};
			name = Debug;
		};
		8D7D524C20ACC54A0032789E /* Release */ = {
			isa = XCBuildConfiguration;
			buildSettings = {
				ASSETCATALOG_COMPILER_APPICON_NAME = AppIcon;
				CODE_SIGN_ENTITLEMENTS = RedPanda/RedPanda.entitlements;
				CODE_SIGN_STYLE = Automatic;
				COMBINE_HIDPI_IMAGES = YES;
				INFOPLIST_FILE = RedPanda/Info.plist;
				LD_RUNPATH_SEARCH_PATHS = (
					"$(inherited)",
					"@executable_path/../Frameworks",
				);
				PRODUCT_BUNDLE_IDENTIFIER = JeFr.RedPanda;
				PRODUCT_NAME = "$(TARGET_NAME)";
				SWIFT_VERSION = 4.0;
			};
			name = Release;
		};
		8D7D524E20ACC54A0032789E /* Debug */ = {
			isa = XCBuildConfiguration;
			buildSettings = {
				ALWAYS_EMBED_SWIFT_STANDARD_LIBRARIES = YES;
				BUNDLE_LOADER = "$(TEST_HOST)";
				CODE_SIGN_STYLE = Automatic;
				COMBINE_HIDPI_IMAGES = YES;
				INFOPLIST_FILE = RedPandaTests/Info.plist;
				LD_RUNPATH_SEARCH_PATHS = (
					"$(inherited)",
					"@executable_path/../Frameworks",
					"@loader_path/../Frameworks",
				);
				PRODUCT_BUNDLE_IDENTIFIER = JeFr.RedPandaTests;
				PRODUCT_NAME = "$(TARGET_NAME)";
				SWIFT_VERSION = 4.0;
				TEST_HOST = "$(BUILT_PRODUCTS_DIR)/RedPanda.app/Contents/MacOS/RedPanda";
			};
			name = Debug;
		};
		8D7D524F20ACC54A0032789E /* Release */ = {
			isa = XCBuildConfiguration;
			buildSettings = {
				ALWAYS_EMBED_SWIFT_STANDARD_LIBRARIES = YES;
				BUNDLE_LOADER = "$(TEST_HOST)";
				CODE_SIGN_STYLE = Automatic;
				COMBINE_HIDPI_IMAGES = YES;
				INFOPLIST_FILE = RedPandaTests/Info.plist;
				LD_RUNPATH_SEARCH_PATHS = (
					"$(inherited)",
					"@executable_path/../Frameworks",
					"@loader_path/../Frameworks",
				);
				PRODUCT_BUNDLE_IDENTIFIER = JeFr.RedPandaTests;
				PRODUCT_NAME = "$(TARGET_NAME)";
				SWIFT_VERSION = 4.0;
				TEST_HOST = "$(BUILT_PRODUCTS_DIR)/RedPanda.app/Contents/MacOS/RedPanda";
			};
			name = Release;
		};
		8D7D525120ACC54A0032789E /* Debug */ = {
			isa = XCBuildConfiguration;
			buildSettings = {
				ALWAYS_EMBED_SWIFT_STANDARD_LIBRARIES = YES;
				CODE_SIGN_STYLE = Automatic;
				COMBINE_HIDPI_IMAGES = YES;
				INFOPLIST_FILE = RedPandaUITests/Info.plist;
				LD_RUNPATH_SEARCH_PATHS = (
					"$(inherited)",
					"@executable_path/../Frameworks",
					"@loader_path/../Frameworks",
				);
				PRODUCT_BUNDLE_IDENTIFIER = JeFr.RedPandaUITests;
				PRODUCT_NAME = "$(TARGET_NAME)";
				SWIFT_VERSION = 4.0;
				TEST_TARGET_NAME = RedPanda;
			};
			name = Debug;
		};
		8D7D525220ACC54A0032789E /* Release */ = {
			isa = XCBuildConfiguration;
			buildSettings = {
				ALWAYS_EMBED_SWIFT_STANDARD_LIBRARIES = YES;
				CODE_SIGN_STYLE = Automatic;
				COMBINE_HIDPI_IMAGES = YES;
				INFOPLIST_FILE = RedPandaUITests/Info.plist;
				LD_RUNPATH_SEARCH_PATHS = (
					"$(inherited)",
					"@executable_path/../Frameworks",
					"@loader_path/../Frameworks",
				);
				PRODUCT_BUNDLE_IDENTIFIER = JeFr.RedPandaUITests;
				PRODUCT_NAME = "$(TARGET_NAME)";
				SWIFT_VERSION = 4.0;
				TEST_TARGET_NAME = RedPanda;
			};
			name = Release;
		};
/* End XCBuildConfiguration section */

/* Begin XCConfigurationList section */
		8D7D521D20ACC5490032789E /* Build configuration list for PBXProject "RedPanda" */ = {
			isa = XCConfigurationList;
			buildConfigurations = (
				8D7D524820ACC54A0032789E /* Debug */,
				8D7D524920ACC54A0032789E /* Release */,
			);
			defaultConfigurationIsVisible = 0;
			defaultConfigurationName = Release;
		};
		8D7D524A20ACC54A0032789E /* Build configuration list for PBXNativeTarget "RedPanda" */ = {
			isa = XCConfigurationList;
			buildConfigurations = (
				8D7D524B20ACC54A0032789E /* Debug */,
				8D7D524C20ACC54A0032789E /* Release */,
			);
			defaultConfigurationIsVisible = 0;
			defaultConfigurationName = Release;
		};
		8D7D524D20ACC54A0032789E /* Build configuration list for PBXNativeTarget "RedPandaTests" */ = {
			isa = XCConfigurationList;
			buildConfigurations = (
				8D7D524E20ACC54A0032789E /* Debug */,
				8D7D524F20ACC54A0032789E /* Release */,
			);
			defaultConfigurationIsVisible = 0;
			defaultConfigurationName = Release;
		};
		8D7D525020ACC54A0032789E /* Build configuration list for PBXNativeTarget "RedPandaUITests" */ = {
			isa = XCConfigurationList;
			buildConfigurations = (
				8D7D525120ACC54A0032789E /* Debug */,
				8D7D525220ACC54A0032789E /* Release */,
			);
			defaultConfigurationIsVisible = 0;
			defaultConfigurationName = Release;
		};
/* End XCConfigurationList section */
	};
	rootObject = 8D7D521A20ACC5490032789E /* Project object */;
}
